
Microsoft Visual Studio Solution File, Format Version 9.00
# Visual Studio 2005
Project("{FAE04EC0-301F-11D3-BF4B-00C04F79EFBC}") = "Structured Report Validator", "Structured Report Validator.csproj", "{B0B93A0A-39BA-422B-AACD-FF6C78F95529}"
EndProject
Project("{54435603-DBB4-11D2-8724-00A0C9A8B90C}") = "Structured Report Validator Setup", "Structured Report Validator Setup.vdproj", "{6736A37E-62C8-4FFF-8900-20AA2375C31F}"
EndProject
Global
	GlobalSection(SolutionConfigurationPlatforms) = preSolution
		Debug|Any CPU = Debug|Any CPU
		Debug|x86 = Debug|x86
		Release|Any CPU = Release|Any CPU
		Release|x86 = Release|x86
	EndGlobalSection
	GlobalSection(ProjectConfigurationPlatforms) = postSolution
		{B0B93A0A-39BA-422B-AACD-FF6C78F95529}.Debug|Any CPU.ActiveCfg = Debug|x86
		{B0B93A0A-39BA-422B-AACD-FF6C78F95529}.Debug|Any CPU.Build.0 = Debug|x86
		{B0B93A0A-39BA-422B-AACD-FF6C78F95529}.Debug|x86.ActiveCfg = Debug|x86
		{B0B93A0A-39BA-422B-AACD-FF6C78F95529}.Debug|x86.Build.0 = Debug|x86
		{B0B93A0A-39BA-422B-AACD-FF6C78F95529}.Release|Any CPU.ActiveCfg = Release|x86
		{B0B93A0A-39BA-422B-AACD-FF6C78F95529}.Release|Any CPU.Build.0 = Release|x86
		{B0B93A0A-39BA-422B-AACD-FF6C78F95529}.Release|x86.ActiveCfg = Release|x86
		{B0B93A0A-39BA-422B-AACD-FF6C78F95529}.Release|x86.Build.0 = Release|x86
		{6736A37E-62C8-4FFF-8900-20AA2375C31F}.Debug|Any CPU.ActiveCfg = Debug
		{6736A37E-62C8-4FFF-8900-20AA2375C31F}.Debug|x86.ActiveCfg = Debug
		{6736A37E-62C8-4FFF-8900-20AA2375C31F}.Debug|x86.Build.0 = Debug
		{6736A37E-62C8-4FFF-8900-20AA2375C31F}.Release|Any CPU.ActiveCfg = Release
		{6736A37E-62C8-4FFF-8900-20AA2375C31F}.Release|x86.ActiveCfg = Release
		{6736A37E-62C8-4FFF-8900-20AA2375C31F}.Release|x86.Build.0 = Release
	EndGlobalSection
	GlobalSection(SolutionProperties) = preSolution
		HideSolutionNode = FALSE
	EndGlobalSection
EndGlobal
