Microsoft Visual Studio Solution File, Format Version 9.00
# Visual Studio 2005
Project("{FAE04EC0-301F-11D3-BF4B-00C04F79EFBC}") = "DICOM Anonymizer", "DICOM Anonymizer.csproj", "{72FA33AD-45BF-4D6E-BFD8-767EA7BAA446}"
EndProject
Project("{FAE04EC0-301F-11D3-BF4B-00C04F79EFBC}") = "DICOM Anonymizer Common", "DICOM Anonymizer Common.csproj", "{A8100EEB-7AB2-46EA-A696-D1B1F961BF4D}"
EndProject
Project("{FAE04EC0-301F-11D3-BF4B-00C04F79EFBC}") = "DICOM Anonymizer Command Line", "DICOM Anonymizer Command Line.csproj", "{7825AFE6-93DC-4AA9-AB8A-6BF141629856}"
EndProject
Project("{54435603-DBB4-11D2-8724-00A0C9A8B90C}") = "DICOM Anonymizer Setup", "DICOM Anonymizer Setup.vdproj", "{B2557385-82D8-4AE4-9BFE-22F794AF02A9}"
EndProject
Global
	GlobalSection(SolutionConfigurationPlatforms) = preSolution
		Debug|Any CPU = Debug|Any CPU
		Debug|x86 = Debug|x86
		Release|Any CPU = Release|Any CPU
		Release|x86 = Release|x86
	EndGlobalSection
	GlobalSection(ProjectConfigurationPlatforms) = postSolution
		{72FA33AD-45BF-4D6E-BFD8-767EA7BAA446}.Debug|Any CPU.ActiveCfg = Debug|x86
		{72FA33AD-45BF-4D6E-BFD8-767EA7BAA446}.Debug|Any CPU.Build.0 = Debug|x86
		{72FA33AD-45BF-4D6E-BFD8-767EA7BAA446}.Debug|x86.ActiveCfg = Debug|x86
		{72FA33AD-45BF-4D6E-BFD8-767EA7BAA446}.Debug|x86.Build.0 = Debug|x86
		{72FA33AD-45BF-4D6E-BFD8-767EA7BAA446}.Release|Any CPU.ActiveCfg = Release|x86
		{72FA33AD-45BF-4D6E-BFD8-767EA7BAA446}.Release|Any CPU.Build.0 = Release|x86
		{72FA33AD-45BF-4D6E-BFD8-767EA7BAA446}.Release|x86.ActiveCfg = Release|x86
		{72FA33AD-45BF-4D6E-BFD8-767EA7BAA446}.Release|x86.Build.0 = Release|x86
		{A8100EEB-7AB2-46EA-A696-D1B1F961BF4D}.Debug|Any CPU.ActiveCfg = Debug|x86
		{A8100EEB-7AB2-46EA-A696-D1B1F961BF4D}.Debug|Any CPU.Build.0 = Debug|x86
		{A8100EEB-7AB2-46EA-A696-D1B1F961BF4D}.Debug|x86.ActiveCfg = Debug|x86
		{A8100EEB-7AB2-46EA-A696-D1B1F961BF4D}.Debug|x86.Build.0 = Debug|x86
		{A8100EEB-7AB2-46EA-A696-D1B1F961BF4D}.Release|Any CPU.ActiveCfg = Release|x86
		{A8100EEB-7AB2-46EA-A696-D1B1F961BF4D}.Release|Any CPU.Build.0 = Release|x86
		{A8100EEB-7AB2-46EA-A696-D1B1F961BF4D}.Release|x86.ActiveCfg = Release|x86
		{A8100EEB-7AB2-46EA-A696-D1B1F961BF4D}.Release|x86.Build.0 = Release|x86
		{7825AFE6-93DC-4AA9-AB8A-6BF141629856}.Debug|Any CPU.ActiveCfg = Debug|x86
		{7825AFE6-93DC-4AA9-AB8A-6BF141629856}.Debug|Any CPU.Build.0 = Debug|x86
		{7825AFE6-93DC-4AA9-AB8A-6BF141629856}.Debug|x86.ActiveCfg = Debug|x86
		{7825AFE6-93DC-4AA9-AB8A-6BF141629856}.Debug|x86.Build.0 = Debug|x86
		{7825AFE6-93DC-4AA9-AB8A-6BF141629856}.Release|Any CPU.ActiveCfg = Release|x86
		{7825AFE6-93DC-4AA9-AB8A-6BF141629856}.Release|Any CPU.Build.0 = Release|x86
		{7825AFE6-93DC-4AA9-AB8A-6BF141629856}.Release|x86.ActiveCfg = Release|x86
		{7825AFE6-93DC-4AA9-AB8A-6BF141629856}.Release|x86.Build.0 = Release|x86
		{B2557385-82D8-4AE4-9BFE-22F794AF02A9}.Debug|Any CPU.ActiveCfg = Debug
		{B2557385-82D8-4AE4-9BFE-22F794AF02A9}.Debug|x86.ActiveCfg = Debug
		{B2557385-82D8-4AE4-9BFE-22F794AF02A9}.Debug|x86.Build.0 = Debug
		{B2557385-82D8-4AE4-9BFE-22F794AF02A9}.Release|Any CPU.ActiveCfg = Release
		{B2557385-82D8-4AE4-9BFE-22F794AF02A9}.Release|x86.ActiveCfg = Release
		{B2557385-82D8-4AE4-9BFE-22F794AF02A9}.Release|x86.Build.0 = Release
	EndGlobalSection
	GlobalSection(SolutionProperties) = preSolution
		HideSolutionNode = FALSE
	EndGlobalSection
EndGlobal
